# THIS IS AN AUTOGENERATED FILE. DO NOT EDIT THIS FILE DIRECTLY.
# yarn lockfile v1


"@types/node@^9.3.0":
  version "9.6.31"
  resolved "https://registry.yarnpkg.com/@types/node/-/node-9.6.31.tgz#4d1722987f8d808b4c194dceb8c213bd92f028e5"

typescript@^3.0.3:
  version "3.0.3"
  resolved "https://registry.yarnpkg.com/typescript/-/typescript-3.0.3.tgz#4853b3e275ecdaa27f78fda46dc273a7eb7fc1c8"
